
Microsoft Visual Studio Solution File, Format Version 12.00
Project("{FAE04EC0-301F-11D3-BF4B-00C04F79EFBC}") = "Khaos.Generic.Trees", "src\Khaos.Generic.Trees\Khaos.Generic.Trees.csproj", "{B8123853-F1DB-42FC-BD30-8F45C2A2BCEF}"
EndProject
Project("{FAE04EC0-301F-11D3-BF4B-00C04F79EFBC}") = "Khaos.Generic.Sandbox", "sandbox\Khaos.Generic.Sandbox\Khaos.Generic.Sandbox.csproj", "{3326A8F5-9097-4359-8C5B-44415DD92AFB}"
EndProject
Project("{FAE04EC0-301F-11D3-BF4B-00C04F79EFBC}") = "Khaos.Generic.Trees.Tests", "tests\Khaos.Generic.Trees.Tests\Khaos.Generic.Trees.Tests.csproj", "{6E8ABC98-13A3-4A86-8250-2F98693173E5}"
EndProject
Project("{FAE04EC0-301F-11D3-BF4B-00C04F79EFBC}") = "Khaos.Generic.SearchIndexes", "src\Khaos.Generic.SearchIndexes\Khaos.Generic.SearchIndexes.csproj", "{BB3BDE1E-81A9-412A-83F7-536A1CFA5E46}"
EndProject
Project("{FAE04EC0-301F-11D3-BF4B-00C04F79EFBC}") = "Khaos.Generic.SearchIndexes.Tests", "tests\Khaos.Generic.SearchIndexes.Tests\Khaos.Generic.SearchIndexes.Tests.csproj", "{C82C7ABF-5E32-4743-8FDA-2A18F94779C6}"
EndProject
Project("{FAE04EC0-301F-11D3-BF4B-00C04F79EFBC}") = "Khaos.Generic.DateTime", "src\Khaos.Generic.DateTime\Khaos.Generic.DateTime.csproj", "{7ABABF1A-B4D2-4358-B4DA-C60F108D44D3}"
EndProject
Project("{FAE04EC0-301F-11D3-BF4B-00C04F79EFBC}") = "Khaos.Generic.MethodInterceptor", "src\Khaos.Generic.MethodInterceptor\Khaos.Generic.MethodInterceptor.csproj", "{3C766395-1C1F-469E-B273-DDA934619680}"
EndProject
Project("{FAE04EC0-301F-11D3-BF4B-00C04F79EFBC}") = "Khaos.Generic.Kubernetes", "src\Khaos.Generic.Kubernetes\Khaos.Generic.Kubernetes.csproj", "{B12050B5-4D8C-4843-92D8-25438B5718BE}"
EndProject
Project("{FAE04EC0-301F-11D3-BF4B-00C04F79EFBC}") = "Khaos.Generic.Kubernetes.CustomResources", "src\Khaos.Generic.Kubernetes.CustomResources\Khaos.Generic.Kubernetes.CustomResources.csproj", "{56E12129-9D0A-422B-9FF1-5071F2AA7003}"
EndProject
Global
	GlobalSection(SolutionConfigurationPlatforms) = preSolution
		Debug|Any CPU = Debug|Any CPU
		Release|Any CPU = Release|Any CPU
	EndGlobalSection
	GlobalSection(ProjectConfigurationPlatforms) = postSolution
		{B8123853-F1DB-42FC-BD30-8F45C2A2BCEF}.Debug|Any CPU.ActiveCfg = Debug|Any CPU
		{B8123853-F1DB-42FC-BD30-8F45C2A2BCEF}.Debug|Any CPU.Build.0 = Debug|Any CPU
		{B8123853-F1DB-42FC-BD30-8F45C2A2BCEF}.Release|Any CPU.ActiveCfg = Release|Any CPU
		{B8123853-F1DB-42FC-BD30-8F45C2A2BCEF}.Release|Any CPU.Build.0 = Release|Any CPU
		{3326A8F5-9097-4359-8C5B-44415DD92AFB}.Debug|Any CPU.ActiveCfg = Debug|Any CPU
		{3326A8F5-9097-4359-8C5B-44415DD92AFB}.Debug|Any CPU.Build.0 = Debug|Any CPU
		{3326A8F5-9097-4359-8C5B-44415DD92AFB}.Release|Any CPU.ActiveCfg = Release|Any CPU
		{3326A8F5-9097-4359-8C5B-44415DD92AFB}.Release|Any CPU.Build.0 = Release|Any CPU
		{6E8ABC98-13A3-4A86-8250-2F98693173E5}.Debug|Any CPU.ActiveCfg = Debug|Any CPU
		{6E8ABC98-13A3-4A86-8250-2F98693173E5}.Debug|Any CPU.Build.0 = Debug|Any CPU
		{6E8ABC98-13A3-4A86-8250-2F98693173E5}.Release|Any CPU.ActiveCfg = Release|Any CPU
		{6E8ABC98-13A3-4A86-8250-2F98693173E5}.Release|Any CPU.Build.0 = Release|Any CPU
		{BB3BDE1E-81A9-412A-83F7-536A1CFA5E46}.Debug|Any CPU.ActiveCfg = Debug|Any CPU
		{BB3BDE1E-81A9-412A-83F7-536A1CFA5E46}.Debug|Any CPU.Build.0 = Debug|Any CPU
		{BB3BDE1E-81A9-412A-83F7-536A1CFA5E46}.Release|Any CPU.ActiveCfg = Release|Any CPU
		{BB3BDE1E-81A9-412A-83F7-536A1CFA5E46}.Release|Any CPU.Build.0 = Release|Any CPU
		{C82C7ABF-5E32-4743-8FDA-2A18F94779C6}.Debug|Any CPU.ActiveCfg = Debug|Any CPU
		{C82C7ABF-5E32-4743-8FDA-2A18F94779C6}.Debug|Any CPU.Build.0 = Debug|Any CPU
		{C82C7ABF-5E32-4743-8FDA-2A18F94779C6}.Release|Any CPU.ActiveCfg = Release|Any CPU
		{C82C7ABF-5E32-4743-8FDA-2A18F94779C6}.Release|Any CPU.Build.0 = Release|Any CPU
		{7ABABF1A-B4D2-4358-B4DA-C60F108D44D3}.Debug|Any CPU.ActiveCfg = Debug|Any CPU
		{7ABABF1A-B4D2-4358-B4DA-C60F108D44D3}.Debug|Any CPU.Build.0 = Debug|Any CPU
		{7ABABF1A-B4D2-4358-B4DA-C60F108D44D3}.Release|Any CPU.ActiveCfg = Release|Any CPU
		{7ABABF1A-B4D2-4358-B4DA-C60F108D44D3}.Release|Any CPU.Build.0 = Release|Any CPU
		{3C766395-1C1F-469E-B273-DDA934619680}.Debug|Any CPU.ActiveCfg = Debug|Any CPU
		{3C766395-1C1F-469E-B273-DDA934619680}.Debug|Any CPU.Build.0 = Debug|Any CPU
		{3C766395-1C1F-469E-B273-DDA934619680}.Release|Any CPU.ActiveCfg = Release|Any CPU
		{3C766395-1C1F-469E-B273-DDA934619680}.Release|Any CPU.Build.0 = Release|Any CPU
		{B12050B5-4D8C-4843-92D8-25438B5718BE}.Debug|Any CPU.ActiveCfg = Debug|Any CPU
		{B12050B5-4D8C-4843-92D8-25438B5718BE}.Debug|Any CPU.Build.0 = Debug|Any CPU
		{B12050B5-4D8C-4843-92D8-25438B5718BE}.Release|Any CPU.ActiveCfg = Release|Any CPU
		{B12050B5-4D8C-4843-92D8-25438B5718BE}.Release|Any CPU.Build.0 = Release|Any CPU
		{56E12129-9D0A-422B-9FF1-5071F2AA7003}.Debug|Any CPU.ActiveCfg = Debug|Any CPU
		{56E12129-9D0A-422B-9FF1-5071F2AA7003}.Debug|Any CPU.Build.0 = Debug|Any CPU
		{56E12129-9D0A-422B-9FF1-5071F2AA7003}.Release|Any CPU.ActiveCfg = Release|Any CPU
		{56E12129-9D0A-422B-9FF1-5071F2AA7003}.Release|Any CPU.Build.0 = Release|Any CPU
	EndGlobalSection
EndGlobal
