
Microsoft Visual Studio Solution File, Format Version 12.00
Project("{FAE04EC0-301F-11D3-BF4B-00C04F79EFBC}") = "Khaos.Generic.Trees", "src\Khaos.Generic.Trees\Khaos.Generic.Trees.csproj", "{B8123853-F1DB-42FC-BD30-8F45C2A2BCEF}"
EndProject
Project("{FAE04EC0-301F-11D3-BF4B-00C04F79EFBC}") = "Khaos.Generic.Sandbox", "sandbox\Khaos.Generic.Sandbox\Khaos.Generic.Sandbox.csproj", "{3326A8F5-9097-4359-8C5B-44415DD92AFB}"
EndProject
Project("{FAE04EC0-301F-11D3-BF4B-00C04F79EFBC}") = "Khaos.Generic.Trees.Tests", "tests\Khaos.Generic.Trees.Tests\Khaos.Generic.Trees.Tests.csproj", "{6E8ABC98-13A3-4A86-8250-2F98693173E5}"
EndProject
Global
	GlobalSection(SolutionConfigurationPlatforms) = preSolution
		Debug|Any CPU = Debug|Any CPU
		Release|Any CPU = Release|Any CPU
	EndGlobalSection
	GlobalSection(ProjectConfigurationPlatforms) = postSolution
		{B8123853-F1DB-42FC-BD30-8F45C2A2BCEF}.Debug|Any CPU.ActiveCfg = Debug|Any CPU
		{B8123853-F1DB-42FC-BD30-8F45C2A2BCEF}.Debug|Any CPU.Build.0 = Debug|Any CPU
		{B8123853-F1DB-42FC-BD30-8F45C2A2BCEF}.Release|Any CPU.ActiveCfg = Release|Any CPU
		{B8123853-F1DB-42FC-BD30-8F45C2A2BCEF}.Release|Any CPU.Build.0 = Release|Any CPU
		{3326A8F5-9097-4359-8C5B-44415DD92AFB}.Debug|Any CPU.ActiveCfg = Debug|Any CPU
		{3326A8F5-9097-4359-8C5B-44415DD92AFB}.Debug|Any CPU.Build.0 = Debug|Any CPU
		{3326A8F5-9097-4359-8C5B-44415DD92AFB}.Release|Any CPU.ActiveCfg = Release|Any CPU
		{3326A8F5-9097-4359-8C5B-44415DD92AFB}.Release|Any CPU.Build.0 = Release|Any CPU
		{6E8ABC98-13A3-4A86-8250-2F98693173E5}.Debug|Any CPU.ActiveCfg = Debug|Any CPU
		{6E8ABC98-13A3-4A86-8250-2F98693173E5}.Debug|Any CPU.Build.0 = Debug|Any CPU
		{6E8ABC98-13A3-4A86-8250-2F98693173E5}.Release|Any CPU.ActiveCfg = Release|Any CPU
		{6E8ABC98-13A3-4A86-8250-2F98693173E5}.Release|Any CPU.Build.0 = Release|Any CPU
	EndGlobalSection
EndGlobal
